{
  "projects": [
    {
      "projectId": "iqYHqr3pWfj21KAZNGZebV",
      "version": "latest",
      "dependencies": {
        "ohDidvG9XsCeFumugENU3J": "6.26.0",
        "szjgMQpPpxhmkjnaBvZQJG": "2.26.0",
        "58GpZjZCWTaJ8AUhpCwt2K": "3.26.0"
      },
      "lang": "ts",
      "fileLocks": [
        {
          "type": "globalVariant",
          "assetId": "d2prlt-skvuJ",
          "checksum": "6a1d5b5bc30c2eefb849d7a22a655443"
        },
        {
          "type": "renderModule",
          "assetId": "X0bdkv4xmtEE",
          "checksum": "ad6632b06bf73072c6f8cd3b81c8a657"
        },
        {
          "type": "cssRules",
          "assetId": "X0bdkv4xmtEE",
          "checksum": "ad6632b06bf73072c6f8cd3b81c8a657"
        },
        {
          "type": "renderModule",
          "assetId": "uqcHB_pa3qnb",
          "checksum": "337de099aee68e41c4452f794540c142"
        },
        {
          "type": "cssRules",
          "assetId": "uqcHB_pa3qnb",
          "checksum": "337de099aee68e41c4452f794540c142"
        },
        {
          "type": "renderModule",
          "assetId": "IKalveoma9Lb",
          "checksum": "b1a871e18062de4e528d919433c4b5e6"
        },
        {
          "type": "cssRules",
          "assetId": "IKalveoma9Lb",
          "checksum": "b1a871e18062de4e528d919433c4b5e6"
        },
        {
          "type": "renderModule",
          "assetId": "pJ7Xt-Q9Heqm",
          "checksum": "43c265993ad72035b4be35092258c0a7"
        },
        {
          "type": "cssRules",
          "assetId": "pJ7Xt-Q9Heqm",
          "checksum": "43c265993ad72035b4be35092258c0a7"
        },
        {
          "type": "renderModule",
          "assetId": "9tRKoAxzr92y",
          "checksum": "57fea813715c05d11580baae8345dc72"
        },
        {
          "type": "cssRules",
          "assetId": "9tRKoAxzr92y",
          "checksum": "57fea813715c05d11580baae8345dc72"
        },
        {
          "type": "renderModule",
          "assetId": "ugejia25uuRX",
          "checksum": "f27a74d316e50e6bf319b3e21aac019d"
        },
        {
          "type": "cssRules",
          "assetId": "ugejia25uuRX",
          "checksum": "f27a74d316e50e6bf319b3e21aac019d"
        },
        {
          "type": "renderModule",
          "assetId": "zDHt8RNREuHR",
          "checksum": "8a00c3ce615278b57ed888b6ba957ac4"
        },
        {
          "type": "cssRules",
          "assetId": "zDHt8RNREuHR",
          "checksum": "8a00c3ce615278b57ed888b6ba957ac4"
        },
        {
          "type": "renderModule",
          "assetId": "0HkxE5m16msS",
          "checksum": "b83140f0c2f0f2c7c25f9e31e8051db7"
        },
        {
          "type": "cssRules",
          "assetId": "0HkxE5m16msS",
          "checksum": "b83140f0c2f0f2c7c25f9e31e8051db7"
        },
        {
          "type": "renderModule",
          "assetId": "nAsFMT_b1Eiv",
          "checksum": "4f5e29a920e9fce9bb3ec5dbfdf8bc3e"
        },
        {
          "type": "cssRules",
          "assetId": "nAsFMT_b1Eiv",
          "checksum": "4f5e29a920e9fce9bb3ec5dbfdf8bc3e"
        },
        {
          "type": "renderModule",
          "assetId": "aZ_oilqttiCe",
          "checksum": "729f82eba97fb818c1a410e822bc960f"
        },
        {
          "type": "cssRules",
          "assetId": "aZ_oilqttiCe",
          "checksum": "729f82eba97fb818c1a410e822bc960f"
        },
        {
          "type": "icon",
          "assetId": "PoLUkhZ2S45x",
          "checksum": "c9aa2cf7908ebfd75419dd9a6e71b052"
        },
        {
          "type": "icon",
          "assetId": "6-tMaSlavLdS",
          "checksum": "cf9e8170fe06f7cbd984f175f956a4c1"
        },
        {
          "type": "icon",
          "assetId": "Qto3mf0m0vAy",
          "checksum": "7e2fbab7f88f8ec0155fff5f3f500d44"
        },
        {
          "type": "icon",
          "assetId": "_UjLI5l6sjg-",
          "checksum": "ef9461053a9aceae6d4ed6e2b121cf0b"
        },
        {
          "type": "icon",
          "assetId": "Difz_oK8bKlb",
          "checksum": "88f8b05e7d2e2f7d6b4b8b055b15630b"
        },
        {
          "type": "icon",
          "assetId": "ZkaA7Vbz300b",
          "checksum": "1d9d57344a49c4da1d6ac6c609294d59"
        },
        {
          "type": "icon",
          "assetId": "9DF1kZJJ4VwZ",
          "checksum": "5d7d5adb10ff663ee9e4c04ab9cfeec1"
        },
        {
          "type": "icon",
          "assetId": "6JetCdiuzxoL",
          "checksum": "ff06fa805b797ef3b5818e2ea1cf7904"
        },
        {
          "type": "icon",
          "assetId": "uVrPiJTwk2Jd",
          "checksum": "8680fa1d86af23fb665c3bcccf02f881"
        },
        {
          "type": "image",
          "assetId": "HzT3BMlHUMsO",
          "checksum": "1e04d8fcd8fac8ea83029224d553adb4"
        },
        {
          "type": "image",
          "assetId": "1bsdBn8GY7LQ",
          "checksum": "1d7e120e9c7e20ce078c1d461ba2e0c1"
        },
        {
          "type": "image",
          "assetId": "C7aSFKxEdhuy",
          "checksum": "3b7edbb63b8229dc11010fdfae323a36"
        },
        {
          "type": "image",
          "assetId": "YgNdzoH1i3q4",
          "checksum": "360ed939ee74c301e51c75e90715c4a2"
        },
        {
          "type": "image",
          "assetId": "6Scyp858R7z3",
          "checksum": "80c9372434a7430e05565021fcd82b3d"
        },
        {
          "type": "image",
          "assetId": "5QTmqtyWQdvs",
          "checksum": "a79e8999eb42a31966cba1b5602b8a53"
        },
        {
          "type": "image",
          "assetId": "gjPQxVNMuw3j",
          "checksum": "9ea3e164d5ae22ecda0d7a06b4458b6a"
        },
        {
          "type": "image",
          "assetId": "7BI2hAfsDXdu",
          "checksum": "077adf34d843267a6c6b8df46bc200a9"
        },
        {
          "type": "image",
          "assetId": "HfeKejHg6ek5",
          "checksum": "8c6741d6e0847c18346bf3a383f8b427"
        },
        {
          "type": "image",
          "assetId": "Ht_6CBAPNpvO",
          "checksum": "32754c78b2f7f4e84953f1cf563a002e"
        },
        {
          "type": "image",
          "assetId": "ackZYAcd22iG",
          "checksum": "2883986cb9f64bdfc50cfd953025764d"
        },
        {
          "type": "image",
          "assetId": "4rb_oJOcUICq",
          "checksum": "a9c6c9d0bdfb018e3f8b9b0f0c6aa748"
        },
        {
          "type": "image",
          "assetId": "J8tFVXSkuM0W",
          "checksum": "5209649b585f0626cc7a3b71fb1f9792"
        },
        {
          "type": "image",
          "assetId": "Q2kY3h43I6YL",
          "checksum": "ddd2f8c741fac538c105d98f913bd06e"
        },
        {
          "type": "image",
          "assetId": "9nbU6WanpGJI",
          "checksum": "49eac291cf2a39a434600f9d501d648d"
        },
        {
          "type": "image",
          "assetId": "H5RopTKroDQV",
          "checksum": "14211c824e861d09cd560603fadb2c19"
        },
        {
          "type": "image",
          "assetId": "-NsBf5me7QcQ",
          "checksum": "2fb39a9b1507d90e13b571fbd17cc19e"
        },
        {
          "type": "image",
          "assetId": "pbL2WJRPvqOy",
          "checksum": "3b45e3558330eee41dbcc206513d029c"
        },
        {
          "type": "image",
          "assetId": "Ed33N1z1wsog",
          "checksum": "db9de519398ceaee9829d9e3fbd7ff39"
        },
        {
          "type": "image",
          "assetId": "8wo9YpNq0k1r",
          "checksum": "9db2258dae01cc4c6c30ac54963a2ee7"
        },
        {
          "type": "image",
          "assetId": "UV4QG6z4jBl1",
          "checksum": "8d508850a51f2cbe1129370c25ed19cd"
        },
        {
          "type": "image",
          "assetId": "Q1MruE-XEO7b",
          "checksum": "8f8521e1db01619a736e6783cd19972e"
        },
        {
          "type": "image",
          "assetId": "TURKC5Iy4NIK",
          "checksum": "c4b0838e0f45099ff9d13c53c935315d"
        },
        {
          "type": "image",
          "assetId": "oPayyVx6mz72",
          "checksum": "f62572a88932cc1110a3eecc1542a14d"
        },
        {
          "type": "image",
          "assetId": "DP_cdgsbcrc8",
          "checksum": "87a9d949e0af6c0ae6ef2d91630460c7"
        },
        {
          "type": "image",
          "assetId": "aJe0pzJwwlMq",
          "checksum": "26abcbf8c880fba50df7eed44fcfb34f"
        },
        {
          "type": "image",
          "assetId": "INzKCJdp1stM",
          "checksum": "3ee965f2c623d51abaf30b15f05b0a6f"
        },
        {
          "type": "image",
          "assetId": "J9JZf2nrRmVF",
          "checksum": "0cf37c4e9869e681b7ac6f66aad5bf2d"
        },
        {
          "type": "image",
          "assetId": "Ahr3xW_6g1FF",
          "checksum": "2c874c2f00494c9c4a0e22b09643e785"
        },
        {
          "type": "image",
          "assetId": "XOVjwGjRXZft",
          "checksum": "a77c6a06a43230259506fea5188f901c"
        },
        {
          "type": "image",
          "assetId": "qVcI2AEgIj8n",
          "checksum": "febeda6a2f1b95b8d63d25ccd29c9030"
        },
        {
          "type": "image",
          "assetId": "VL4zfjPVE1kp",
          "checksum": "440bd7cd56802a3842b5100c425275c9"
        },
        {
          "type": "image",
          "assetId": "hHEC95hXQmw5",
          "checksum": "50b5b236c8de0d991fd6aca2b05a576d"
        },
        {
          "type": "image",
          "assetId": "BHETYR3dV2CZ",
          "checksum": "8cf427616b66f5fa28cd77d13263a0ba"
        },
        {
          "type": "image",
          "assetId": "PHqF6ZnTaW9i",
          "checksum": "a080aef21888571d5dc349dd0818ecc3"
        },
        {
          "type": "image",
          "assetId": "2YXCtWhfw_mv",
          "checksum": "54dbe4583abf2985042fd12ab4586919"
        },
        {
          "type": "image",
          "assetId": "Rcdn9Sg0GZw9",
          "checksum": "e8de6000c390190ba1e223d0869c02d1"
        },
        {
          "type": "renderModule",
          "assetId": "2BxzMSVYdCEk",
          "checksum": "bb37ff4f08395e33bcc87bd3f098cdf0"
        },
        {
          "type": "cssRules",
          "assetId": "2BxzMSVYdCEk",
          "checksum": "bb37ff4f08395e33bcc87bd3f098cdf0"
        },
        {
          "type": "renderModule",
          "assetId": "whUPBc-gdmHr",
          "checksum": "053bd062af725a64de6987d8a07d878c"
        },
        {
          "type": "cssRules",
          "assetId": "whUPBc-gdmHr",
          "checksum": "053bd062af725a64de6987d8a07d878c"
        },
        {
          "type": "renderModule",
          "assetId": "dGzqDDBjcd9X",
          "checksum": "ece9411703eed847132117dda1cab917"
        },
        {
          "type": "cssRules",
          "assetId": "dGzqDDBjcd9X",
          "checksum": "ece9411703eed847132117dda1cab917"
        },
        {
          "type": "renderModule",
          "assetId": "aI2nTYp-ysx5",
          "checksum": "25f5893abb372feb02ca58cea8a78fcf"
        },
        {
          "type": "cssRules",
          "assetId": "aI2nTYp-ysx5",
          "checksum": "25f5893abb372feb02ca58cea8a78fcf"
        },
        {
          "type": "icon",
          "assetId": "QFCc2tM66zg3",
          "checksum": "e1ba284514bc23551094b00114e1bb1a"
        },
        {
          "type": "icon",
          "assetId": "9GP_LLk_tDYV",
          "checksum": "2ca9907b035413b6820cc6099e8f684d"
        },
        {
          "type": "icon",
          "assetId": "PXprDi05lJam",
          "checksum": "b4716e4e1616bc88c4906024c3b5ddea"
        },
        {
          "type": "icon",
          "assetId": "xF7ND7BM750t",
          "checksum": "6be408f0519e4b37e9a570e385980e39"
        },
        {
          "type": "icon",
          "assetId": "kVGGY4-roWjH",
          "checksum": "0ede4dd513b94458df3d5bb889e797d0"
        },
        {
          "type": "icon",
          "assetId": "VPcrDbZqojYk",
          "checksum": "1f2f8f7cdda8bcf4d037f1bc3c1529f6"
        },
        {
          "type": "image",
          "assetId": "Pk5rmgKxCOhk",
          "checksum": "2232fe95c7474a4f7f638d77a097aee0"
        },
        {
          "type": "image",
          "assetId": "aDOs2c1aFgzf",
          "checksum": "817dff187278ced8d1c7c2c5a54e3865"
        },
        {
          "type": "image",
          "assetId": "1yULToM1GV-3",
          "checksum": "12aa47d568a901c1ef6e5c2f935785da"
        },
        {
          "type": "image",
          "assetId": "ZcdO2U7y0QLH",
          "checksum": "2e8706a2b788ce8ddf9ceca3af624cba"
        },
        {
          "type": "image",
          "assetId": "9-7lzyGVjMUT",
          "checksum": "5195081ade0155da80a5b06c4950f26c"
        },
        {
          "type": "renderModule",
          "assetId": "ZDG0kiEs47Qf",
          "checksum": "2974ab81328e01d437583fa8dd379e23"
        },
        {
          "type": "cssRules",
          "assetId": "ZDG0kiEs47Qf",
          "checksum": "2974ab81328e01d437583fa8dd379e23"
        },
        {
          "type": "renderModule",
          "assetId": "NOrjTyDBFUg5",
          "checksum": "072f9f464c7a9ba9d4a658ea2b7b9eec"
        },
        {
          "type": "cssRules",
          "assetId": "NOrjTyDBFUg5",
          "checksum": "072f9f464c7a9ba9d4a658ea2b7b9eec"
        },
        {
          "type": "renderModule",
          "assetId": "LpAmBeqBLDyE",
          "checksum": "b22ee6162eab5abbe5eef0d0b2226110"
        },
        {
          "type": "cssRules",
          "assetId": "LpAmBeqBLDyE",
          "checksum": "b22ee6162eab5abbe5eef0d0b2226110"
        },
        {
          "type": "renderModule",
          "assetId": "h50HF9iyKgoV",
          "checksum": "d3e28bfe1edd6bb5651600ef9f24ef9f"
        },
        {
          "type": "cssRules",
          "assetId": "h50HF9iyKgoV",
          "checksum": "d3e28bfe1edd6bb5651600ef9f24ef9f"
        },
        {
          "type": "renderModule",
          "assetId": "IQmfVi47Ej7J",
          "checksum": "b7bd5849708199dfb00b0c5f1b2cc5ab"
        },
        {
          "type": "cssRules",
          "assetId": "IQmfVi47Ej7J",
          "checksum": "b7bd5849708199dfb00b0c5f1b2cc5ab"
        },
        {
          "type": "renderModule",
          "assetId": "WEb60MSSF2m4",
          "checksum": "dde99b49002f5801223a51b1b19e428a"
        },
        {
          "type": "cssRules",
          "assetId": "WEb60MSSF2m4",
          "checksum": "dde99b49002f5801223a51b1b19e428a"
        },
        {
          "type": "renderModule",
          "assetId": "LE1Bx3-Ekm0U",
          "checksum": "f68115fb36eee32748d081dabacb516f"
        },
        {
          "type": "cssRules",
          "assetId": "LE1Bx3-Ekm0U",
          "checksum": "f68115fb36eee32748d081dabacb516f"
        },
        {
          "type": "icon",
          "assetId": "TUKQU3OkVnJX",
          "checksum": "5ea563a2e52b3651a5c9a77fbdf78bf5"
        },
        {
          "type": "icon",
          "assetId": "PSTUeM190QNw",
          "checksum": "eeb78fd4b12f27ee44ff0af2e058327d"
        },
        {
          "type": "icon",
          "assetId": "XmhKGfoH6ypP",
          "checksum": "ea13d3f8daeb3446f1dbf3a021561854"
        },
        {
          "type": "icon",
          "assetId": "ZWWFAreHoHm8",
          "checksum": "a23350bbf5259608ce32953428d8d273"
        },
        {
          "type": "icon",
          "assetId": "O8AhCI2vd_Hl",
          "checksum": "1fbaf2233d163981060c615def3957d0"
        },
        {
          "type": "icon",
          "assetId": "bzxugCVBLot_",
          "checksum": "07f7db2a18426c2ab88f4ff853bb03d8"
        },
        {
          "type": "image",
          "assetId": "3xn3aKBsW2Pk",
          "checksum": "52902d70630439751c8c689b7723c4a1"
        },
        {
          "type": "image",
          "assetId": "9ON6tfX6to5K",
          "checksum": "234e508378b66d28e82e18b04d0da13e"
        },
        {
          "type": "image",
          "assetId": "u27rFtDCnOar",
          "checksum": "a46922d4b457642440336124b2f2ca7c"
        },
        {
          "type": "image",
          "assetId": "fzU7xehMFG80",
          "checksum": "002ae2b0b2cc060f7731990df5767833"
        },
        {
          "assetId": "iqYHqr3pWfj21KAZNGZebV",
          "type": "projectCss",
          "checksum": "23b83f119de590d3e424678089d6d6b0"
        },
        {
          "assetId": "iqYHqr3pWfj21KAZNGZebV",
          "checksum": "bb533c96ab2dbd65ecdaf2d149e3391d",
          "type": "globalContexts"
        },
        {
          "type": "renderModule",
          "assetId": "9MuiibfEPZaY",
          "checksum": "16cc10f65cf443967623dac2736a23dc"
        },
        {
          "type": "cssRules",
          "assetId": "9MuiibfEPZaY",
          "checksum": "16cc10f65cf443967623dac2736a23dc"
        },
        {
          "type": "renderModule",
          "assetId": "RWMrzrBzvLwT",
          "checksum": "24632c1d51116f26af045daba1b9c07e"
        },
        {
          "type": "cssRules",
          "assetId": "RWMrzrBzvLwT",
          "checksum": "24632c1d51116f26af045daba1b9c07e"
        },
        {
          "type": "icon",
          "assetId": "nyNM2BBwpAEO",
          "checksum": "2a04db9b55c80cee37bebdb8d9ae39e3"
        },
        {
          "type": "icon",
          "assetId": "Bb4EyUJRmNqj",
          "checksum": "e3376b017e40093903978e3f32802242"
        },
        {
          "type": "image",
          "assetId": "uOHgik04wMjg",
          "checksum": "4e05a110812ffbe37a3335d5449e0483"
        },
        {
          "type": "image",
          "assetId": "BTWBFDWeFlx-",
          "checksum": "ada55858b43f68e6da65210172671c79"
        },
        {
          "type": "image",
          "assetId": "edcNiwZ5Pr8S",
          "checksum": "a638e8991d82b0733e8edaff9311d70b"
        },
        {
          "type": "image",
          "assetId": "Q5LuMNixRMgS",
          "checksum": "bd3cdb7f3f425473f9a0ad10c3d807ef"
        }
      ],
      "codegenVersion": "0.0.1"
    },
    {
      "projectId": "58GpZjZCWTaJ8AUhpCwt2K",
      "version": "3.26.0",
      "dependencies": {},
      "lang": "ts",
      "fileLocks": [
        {
          "assetId": "58GpZjZCWTaJ8AUhpCwt2K",
          "type": "projectCss",
          "checksum": "f0469e206244772473ab64f50be898f9"
        }
      ],
      "codegenVersion": "0.0.1"
    },
    {
      "projectId": "szjgMQpPpxhmkjnaBvZQJG",
      "version": "2.26.0",
      "dependencies": {},
      "lang": "ts",
      "fileLocks": [
        {
          "assetId": "szjgMQpPpxhmkjnaBvZQJG",
          "type": "projectCss",
          "checksum": "72ff85f8dbd01d559ad13ce12accad86"
        }
      ],
      "codegenVersion": "0.0.1"
    },
    {
      "projectId": "ohDidvG9XsCeFumugENU3J",
      "version": "6.26.0",
      "dependencies": {},
      "lang": "ts",
      "fileLocks": [
        {
          "assetId": "ohDidvG9XsCeFumugENU3J",
          "type": "projectCss",
          "checksum": "ba2a60a163fca4f4d510275088a2be53"
        },
        {
          "assetId": "ohDidvG9XsCeFumugENU3J",
          "checksum": "de0a0e65174a6a185a8f822af51c6bdd",
          "type": "globalContexts"
        }
      ],
      "codegenVersion": "0.0.1"
    }
  ],
  "cliVersion": "0.1.334"
}
